
Microsoft Visual Studio Solution File, Format Version 12.00
# Visual Studio Version 17
VisualStudioVersion = 17.5.33530.505
MinimumVisualStudioVersion = 10.0.40219.1
Project("{FAE04EC0-301F-11D3-BF4B-00C04F79EFBC}") = "GestionPowerApps", "GestionPowerApps\GestionPowerApps.csproj", "{02E8CA1D-5367-4A50-88D2-793EDE2B34A8}"
EndProject
Global
	GlobalSection(SolutionConfigurationPlatforms) = preSolution
		Debug|Any CPU = Debug|Any CPU
		Release|Any CPU = Release|Any CPU
	EndGlobalSection
	GlobalSection(ProjectConfigurationPlatforms) = postSolution
		{02E8CA1D-5367-4A50-88D2-793EDE2B34A8}.Debug|Any CPU.ActiveCfg = Debug|Any CPU
		{02E8CA1D-5367-4A50-88D2-793EDE2B34A8}.Debug|Any CPU.Build.0 = Debug|Any CPU
		{02E8CA1D-5367-4A50-88D2-793EDE2B34A8}.Release|Any CPU.ActiveCfg = Release|Any CPU
		{02E8CA1D-5367-4A50-88D2-793EDE2B34A8}.Release|Any CPU.Build.0 = Release|Any CPU
	EndGlobalSection
	GlobalSection(SolutionProperties) = preSolution
		HideSolutionNode = FALSE
	EndGlobalSection
	GlobalSection(ExtensibilityGlobals) = postSolution
		SolutionGuid = {19E01493-457B-47A9-94F0-6792CAA1DEAE}
	EndGlobalSection
EndGlobal
